<Solution>
  <Folder Name="/src/">
    <Folder Name="/src/shared/">
      <Project Path="src/shared/McpServices.Hosting/McpServices.Hosting.csproj" />
      <Project Path="src/shared/McpServices.Storage/McpServices.Storage.csproj" />
    </Folder>
    <Folder Name="/src/servers/">
      <Project Path="src/servers/McpServices.FileSystem/McpServices.FileSystem.csproj" />
      <Project Path="src/servers/McpServices.Database/McpServices.Database.csproj" />
      <Project Path="src/servers/McpServices.Index/McpServices.Index.csproj" />
      <Project Path="src/servers/McpServices.Learnings/McpServices.Learnings.csproj" />
    </Folder>
  </Folder>
  <Folder Name="/tests/">
    <Project Path="tests/McpServices.TestSupport/McpServices.TestSupport.csproj" />
    <Project Path="tests/McpServices.Hosting.Tests/McpServices.Hosting.Tests.csproj" />
    <Project Path="tests/McpServices.FileSystem.Tests/McpServices.FileSystem.Tests.csproj" />
    <Project Path="tests/McpServices.Database.Tests/McpServices.Database.Tests.csproj" />
    <Project Path="tests/McpServices.Storage.Tests/McpServices.Storage.Tests.csproj" />
    <Project Path="tests/McpServices.Index.Tests/McpServices.Index.Tests.csproj" />
    <Project Path="tests/McpServices.Learnings.Tests/McpServices.Learnings.Tests.csproj" />
  </Folder>
</Solution>
